
Microsoft Visual Studio Solution File, Format Version 12.00
# Visual Studio Version 17
VisualStudioVersion = 17.9.34701.34
MinimumVisualStudioVersion = 10.0.40219.1
Project("{FAE04EC0-301F-11D3-BF4B-00C04F79EFBC}") = "ReklamYuzum.Core", "ReklamYuzum.Core\ReklamYuzum.Core.csproj", "{A1709258-3ACC-44CE-BF49-6061E6E72D18}"
EndProject
Project("{FAE04EC0-301F-11D3-BF4B-00C04F79EFBC}") = "ReklamYuzum.Entities", "ReklamYuzum.Entities\ReklamYuzum.Entities.csproj", "{F1CD60E1-89F3-451E-AB1F-B84E102293E2}"
EndProject
Project("{FAE04EC0-301F-11D3-BF4B-00C04F79EFBC}") = "ReklamYuzum.DataAccess", "ReklamYuzum.DataAccess\ReklamYuzum.DataAccess.csproj", "{207B3616-6322-4F09-A5D0-77F3E09E61DE}"
EndProject
Project("{FAE04EC0-301F-11D3-BF4B-00C04F79EFBC}") = "ReklamYuzum.Business", "ReklamYuzum.Business\ReklamYuzum.Business.csproj", "{9DC662C4-D8A6-4B29-8D9A-477E494F4F6B}"
EndProject
Project("{FAE04EC0-301F-11D3-BF4B-00C04F79EFBC}") = "ReklamYuzum.UI", "ReklamYuzum.UI\ReklamYuzum.UI.csproj", "{3E75C453-DB91-4FD0-988B-7E06C21B8D92}"
EndProject
Global
	GlobalSection(SolutionConfigurationPlatforms) = preSolution
		Debug|Any CPU = Debug|Any CPU
		Release|Any CPU = Release|Any CPU
	EndGlobalSection
	GlobalSection(ProjectConfigurationPlatforms) = postSolution
		{A1709258-3ACC-44CE-BF49-6061E6E72D18}.Debug|Any CPU.ActiveCfg = Debug|Any CPU
		{A1709258-3ACC-44CE-BF49-6061E6E72D18}.Debug|Any CPU.Build.0 = Debug|Any CPU
		{A1709258-3ACC-44CE-BF49-6061E6E72D18}.Release|Any CPU.ActiveCfg = Release|Any CPU
		{A1709258-3ACC-44CE-BF49-6061E6E72D18}.Release|Any CPU.Build.0 = Release|Any CPU
		{F1CD60E1-89F3-451E-AB1F-B84E102293E2}.Debug|Any CPU.ActiveCfg = Debug|Any CPU
		{F1CD60E1-89F3-451E-AB1F-B84E102293E2}.Debug|Any CPU.Build.0 = Debug|Any CPU
		{F1CD60E1-89F3-451E-AB1F-B84E102293E2}.Release|Any CPU.ActiveCfg = Release|Any CPU
		{F1CD60E1-89F3-451E-AB1F-B84E102293E2}.Release|Any CPU.Build.0 = Release|Any CPU
		{207B3616-6322-4F09-A5D0-77F3E09E61DE}.Debug|Any CPU.ActiveCfg = Debug|Any CPU
		{207B3616-6322-4F09-A5D0-77F3E09E61DE}.Debug|Any CPU.Build.0 = Debug|Any CPU
		{207B3616-6322-4F09-A5D0-77F3E09E61DE}.Release|Any CPU.ActiveCfg = Release|Any CPU
		{207B3616-6322-4F09-A5D0-77F3E09E61DE}.Release|Any CPU.Build.0 = Release|Any CPU
		{9DC662C4-D8A6-4B29-8D9A-477E494F4F6B}.Debug|Any CPU.ActiveCfg = Debug|Any CPU
		{9DC662C4-D8A6-4B29-8D9A-477E494F4F6B}.Debug|Any CPU.Build.0 = Debug|Any CPU
		{9DC662C4-D8A6-4B29-8D9A-477E494F4F6B}.Release|Any CPU.ActiveCfg = Release|Any CPU
		{9DC662C4-D8A6-4B29-8D9A-477E494F4F6B}.Release|Any CPU.Build.0 = Release|Any CPU
		{3E75C453-DB91-4FD0-988B-7E06C21B8D92}.Debug|Any CPU.ActiveCfg = Debug|Any CPU
		{3E75C453-DB91-4FD0-988B-7E06C21B8D92}.Debug|Any CPU.Build.0 = Debug|Any CPU
		{3E75C453-DB91-4FD0-988B-7E06C21B8D92}.Release|Any CPU.ActiveCfg = Release|Any CPU
		{3E75C453-DB91-4FD0-988B-7E06C21B8D92}.Release|Any CPU.Build.0 = Release|Any CPU
	EndGlobalSection
	GlobalSection(SolutionProperties) = preSolution
		HideSolutionNode = FALSE
	EndGlobalSection
	GlobalSection(ExtensibilityGlobals) = postSolution
		SolutionGuid = {26A31FFD-93D6-4829-BE88-318D29748253}
	EndGlobalSection
EndGlobal
